
Microsoft Visual Studio Solution File, Format Version 12.00
# Visual Studio Version 17
VisualStudioVersion = 17.0.31919.166
MinimumVisualStudioVersion = 10.0.40219.1
Project("{FAE04EC0-301F-11D3-BF4B-00C04F79EFBC}") = "HomeInfoHub", "HomeInfoHub\HomeInfoHub.csproj", "{536E4C89-7892-49AA-B58F-4E29BA42502B}"
EndProject
Global
	GlobalSection(SolutionConfigurationPlatforms) = preSolution
		Debug|Any CPU = Debug|Any CPU
		Release|Any CPU = Release|Any CPU
	EndGlobalSection
	GlobalSection(ProjectConfigurationPlatforms) = postSolution
		{536E4C89-7892-49AA-B58F-4E29BA42502B}.Debug|Any CPU.ActiveCfg = Debug|Any CPU
		{536E4C89-7892-49AA-B58F-4E29BA42502B}.Debug|Any CPU.Build.0 = Debug|Any CPU
		{536E4C89-7892-49AA-B58F-4E29BA42502B}.Release|Any CPU.ActiveCfg = Release|Any CPU
		{536E4C89-7892-49AA-B58F-4E29BA42502B}.Release|Any CPU.Build.0 = Release|Any CPU
	EndGlobalSection
	GlobalSection(SolutionProperties) = preSolution
		HideSolutionNode = FALSE
	EndGlobalSection
	GlobalSection(ExtensibilityGlobals) = postSolution
		SolutionGuid = {BD32563A-7540-4BC9-8AC1-9F873CCD5C2C}
	EndGlobalSection
EndGlobal
